
Microsoft Visual Studio Solution File, Format Version 12.00
# Visual Studio Version 17
VisualStudioVersion = 17.14.36109.1
MinimumVisualStudioVersion = 10.0.40219.1
Project("{FAE04EC0-301F-11D3-BF4B-00C04F79EFBC}") = "Shared", "Shared\Shared.csproj", "{54D86603-9C90-4325-B399-A20B02278031}"
EndProject
Project("{2150E333-8FDC-42A3-9474-1A3956D46DE8}") = "Utility", "Utility", "{906073DD-67AC-4C20-9CD7-EB163E6D238F}"
EndProject
Project("{2150E333-8FDC-42A3-9474-1A3956D46DE8}") = "Blogs", "Blogs", "{02EA681E-C7D8-13C7-8484-4AC65E1B71E8}"
EndProject
Project("{FAE04EC0-301F-11D3-BF4B-00C04F79EFBC}") = "Blogs.Application.Contract", "Blogs\Blogs.Application.Contract\Blogs.Application.Contract.csproj", "{4F9B27BD-0597-47F5-A536-C612CF52FD9B}"
EndProject
Project("{FAE04EC0-301F-11D3-BF4B-00C04F79EFBC}") = "Blogs.Domain", "Blogs\Blogs.Domain\Blogs.Domain.csproj", "{58E289FE-0A4F-4F0B-A86C-1BC3DF9E15AA}"
EndProject
Project("{FAE04EC0-301F-11D3-BF4B-00C04F79EFBC}") = "Blogs.Application", "Blogs\Blogs.Application\Blogs.Application.csproj", "{8DF9F2B4-F49F-45E8-997F-A5172FE2E4CB}"
EndProject
Project("{FAE04EC0-301F-11D3-BF4B-00C04F79EFBC}") = "Blogs.Infrastructure", "Blogs\Blogs.Infrastructure\Blogs.Infrastructure.csproj", "{8E5D713F-FBC6-48C6-BCB8-E2BFE88BFF1D}"
EndProject
Project("{FAE04EC0-301F-11D3-BF4B-00C04F79EFBC}") = "Blogs.Query", "Blogs\Blogs.Query\Blogs.Query.csproj", "{64910F8E-0D05-4477-9DC4-CA38B8B4EE32}"
EndProject
Project("{FAE04EC0-301F-11D3-BF4B-00C04F79EFBC}") = "NavinoShop.WebApplication", "NavinoShop.WebApplication\NavinoShop.WebApplication.csproj", "{6B82F4F8-E827-4BA8-B60F-1D245C13886F}"
EndProject
Project("{2150E333-8FDC-42A3-9474-1A3956D46DE8}") = "Users", "Users", "{BD14F26A-60DD-4D77-B6FC-A38E6E194765}"
EndProject
Project("{FAE04EC0-301F-11D3-BF4B-00C04F79EFBC}") = "Users.Application.Contract", "Users\Users.Application.Contract\Users.Application.Contract.csproj", "{53309109-EF95-431A-A4F4-C1C91DF3F946}"
EndProject
Project("{FAE04EC0-301F-11D3-BF4B-00C04F79EFBC}") = "Users.Domain", "Users\Users.Domain\Users.Domain.csproj", "{E7BACE11-1579-4074-839F-D8C2BCDA3A56}"
EndProject
Project("{FAE04EC0-301F-11D3-BF4B-00C04F79EFBC}") = "Users.Application", "Users\Users.Application\Users.Application.csproj", "{CE2D720F-F9C0-4362-AE08-288CFC36E845}"
EndProject
Project("{FAE04EC0-301F-11D3-BF4B-00C04F79EFBC}") = "Users.Infrastructure", "Users.Infrastructure\Users.Infrastructure.csproj", "{44DBFC68-D07E-49DB-A445-71F93073C967}"
EndProject
Project("{FAE04EC0-301F-11D3-BF4B-00C04F79EFBC}") = "Users.Query", "Users\Users.Query\Users.Query.csproj", "{9CB05A87-5A2F-4284-AA52-EE5F334359B1}"
EndProject
Project("{2150E333-8FDC-42A3-9474-1A3956D46DE8}") = "Comments", "Comments", "{F6F15B78-B5F8-4C4B-BBCF-D38861E11314}"
EndProject
Project("{FAE04EC0-301F-11D3-BF4B-00C04F79EFBC}") = "Comments.Application.Contract", "Comments\Comments.Application.Contract\Comments.Application.Contract.csproj", "{6B38B969-E23F-4BAF-B101-810B49E97F51}"
EndProject
Project("{FAE04EC0-301F-11D3-BF4B-00C04F79EFBC}") = "Comments.Domain", "Comments\Comments.Domain\Comments.Domain.csproj", "{E097F08E-81A8-4489-8F4A-0D3FDEEEDCEF}"
EndProject
Project("{FAE04EC0-301F-11D3-BF4B-00C04F79EFBC}") = "Comments.Infrastructure", "Comments\Comments.Infrastructure\Comments.Infrastructure.csproj", "{153A58A4-0E67-4A2A-A405-0689B4D1A788}"
EndProject
Project("{FAE04EC0-301F-11D3-BF4B-00C04F79EFBC}") = "Comments.Query", "Comments\Comments.Query\Comments.Query.csproj", "{1A10E123-4A38-4838-82C5-533024446546}"
EndProject
Project("{FAE04EC0-301F-11D3-BF4B-00C04F79EFBC}") = "Comments.Application", "Comments\Comments.Application\Comments.Application.csproj", "{97DD6A52-1860-4213-8518-62B6D03A80B5}"
EndProject
Project("{2150E333-8FDC-42A3-9474-1A3956D46DE8}") = "Emails", "Emails", "{7B885D52-87FD-4C64-8CE6-EEBB0EED4029}"
EndProject
Project("{FAE04EC0-301F-11D3-BF4B-00C04F79EFBC}") = "Emails.Domailn", "Emails\Emails.Domailn\Emails.Domailn.csproj", "{0DD0F5BB-396C-464D-8517-40B63D293AA9}"
EndProject
Project("{FAE04EC0-301F-11D3-BF4B-00C04F79EFBC}") = "Emails.Application.Contract", "Emails\Emails.Contract\Emails.Application.Contract.csproj", "{CDFCAE50-52D0-440E-B852-DF0F50B1CD8C}"
EndProject
Project("{FAE04EC0-301F-11D3-BF4B-00C04F79EFBC}") = "Emails.Application", "Emails\Emails.Application\Emails.Application.csproj", "{9F1D1E8F-CBF5-45F0-BBEA-A4DC4EA01C37}"
EndProject
Project("{FAE04EC0-301F-11D3-BF4B-00C04F79EFBC}") = "Emails.Infrastructure", "Emails\Emails.Infrastructure\Emails.Infrastructure.csproj", "{FE3ADC52-8A35-4CCB-AB22-04A1B6357878}"
EndProject
Project("{FAE04EC0-301F-11D3-BF4B-00C04F79EFBC}") = "Emails.Query", "Emails\Emails.Query\Emails.Query.csproj", "{C1B17756-1F55-46AE-866F-EF6F7E41BA9B}"
EndProject
Project("{2150E333-8FDC-42A3-9474-1A3956D46DE8}") = "Site", "Site", "{8A252E92-2C6C-4547-95FD-3748CB9E4C7F}"
EndProject
Project("{FAE04EC0-301F-11D3-BF4B-00C04F79EFBC}") = "Site.Domain", "Site\Site.Domain\Site.Domain.csproj", "{010EB222-4882-4840-9E35-EF78FBD77D57}"
EndProject
Project("{FAE04EC0-301F-11D3-BF4B-00C04F79EFBC}") = "Site.Application.Contract", "Site\Site.Application.Contract\Site.Application.Contract.csproj", "{2AEA73D6-ADFE-455B-93E0-A26F4D1AE8C7}"
EndProject
Project("{FAE04EC0-301F-11D3-BF4B-00C04F79EFBC}") = "Site.Application", "Site\Site.Application\Site.Application.csproj", "{38900A60-EB68-4EF0-AD01-8B8DF6055901}"
EndProject
Project("{FAE04EC0-301F-11D3-BF4B-00C04F79EFBC}") = "Site.Infrastructure", "Site\Site.Infrastructure\Site.Infrastructure.csproj", "{88EDF4F8-1FFB-40E7-9A8B-961377CF999D}"
EndProject
Project("{FAE04EC0-301F-11D3-BF4B-00C04F79EFBC}") = "Site.Query", "Site\Site.Query\Site.Query.csproj", "{11303247-3ACE-440A-8061-4A59A6DEE5BC}"
EndProject
Project("{2150E333-8FDC-42A3-9474-1A3956D46DE8}") = "Seos", "Seos", "{ACDA9536-B1FC-4CD0-B347-B5D78C5F8219}"
EndProject
Project("{FAE04EC0-301F-11D3-BF4B-00C04F79EFBC}") = "Seos.Application.Contract", "Seos\Seos.Application.Contract\Seos.Application.Contract.csproj", "{A711910F-CDB6-D4E5-3533-F690A502E0DF}"
EndProject
Project("{FAE04EC0-301F-11D3-BF4B-00C04F79EFBC}") = "Seos.Domain", "Seos\Seos.Domain\Seos.Domain.csproj", "{580CBA5E-D1F4-CCE4-46B6-7F546F11AEC6}"
EndProject
Project("{FAE04EC0-301F-11D3-BF4B-00C04F79EFBC}") = "Seos.Application", "Seos\Seos.Application\Seos.Application.csproj", "{E548BA97-A52C-3196-A66C-5CB45A8C200D}"
EndProject
Project("{FAE04EC0-301F-11D3-BF4B-00C04F79EFBC}") = "Seos.Infrastructure", "Seos\Seos.Infrastructure\Seos.Infrastructure.csproj", "{94C0A58A-DE0A-7849-0B1A-4C2E2A0F04C2}"
EndProject
Project("{FAE04EC0-301F-11D3-BF4B-00C04F79EFBC}") = "Seos.Query", "Seos\Seos.Query\Seos.Query.csproj", "{DB0DD0CD-68EE-D170-18C9-6400AD0C31E8}"
EndProject
Project("{2150E333-8FDC-42A3-9474-1A3956D46DE8}") = "PostModule", "PostModule", "{84A7585D-826C-4C76-9691-DBC934211DEC}"
EndProject
Project("{2150E333-8FDC-42A3-9474-1A3956D46DE8}") = "Query", "Query", "{CB49F818-BD3A-45E8-96AB-1136541B0BEB}"
EndProject
Project("{FAE04EC0-301F-11D3-BF4B-00C04F79EFBC}") = "Query.Contract", "Query\Query.Contract\Query.Contract.csproj", "{7ADD89C6-FDC5-4743-B849-2B421E41B736}"
EndProject
Project("{FAE04EC0-301F-11D3-BF4B-00C04F79EFBC}") = "Query.Service", "Query\Query.Service\Query.Service.csproj", "{CEC8110F-7945-45F9-A89C-83C2DFCD5F63}"
EndProject
Project("{FAE04EC0-301F-11D3-BF4B-00C04F79EFBC}") = "PostModule.Query", "PostModule\PostModule.Query\PostModule.Query.csproj", "{42CF058A-5DD4-6458-CFF9-6D80292F8322}"
EndProject
Project("{FAE04EC0-301F-11D3-BF4B-00C04F79EFBC}") = "PostModule.Infrastracture", "PostModule\PostModule.Infrastracture.EF\PostModule.Infrastracture.csproj", "{BD0637AC-1BE0-42C4-D612-3822D47F3D64}"
EndProject
Project("{FAE04EC0-301F-11D3-BF4B-00C04F79EFBC}") = "PostModule.Domain", "PostModule\PostModule.Domain\PostModule.Domain.csproj", "{B5A3066C-B15E-961A-6A3E-324FB0A34673}"
EndProject
Project("{FAE04EC0-301F-11D3-BF4B-00C04F79EFBC}") = "PostModule.Application", "PostModule\PostModule.Application.Services\PostModule.Application.csproj", "{65C9F0E4-9A52-FB9D-4C00-85ABD0ACD406}"
EndProject
Project("{FAE04EC0-301F-11D3-BF4B-00C04F79EFBC}") = "PostModule.Application.Contract", "PostModule\PostModule.Application.Contract\PostModule.Application.Contract.csproj", "{8FE5366C-E9C2-CC41-0143-95E99ADFB9D8}"
EndProject
Project("{FAE04EC0-301F-11D3-BF4B-00C04F79EFBC}") = "WebApplication.Test", "WebApplication.Test\WebApplication.Test.csproj", "{B617BB6B-1DB4-439D-BB08-75F9AF372142}"
EndProject
Project("{2150E333-8FDC-42A3-9474-1A3956D46DE8}") = "Transactions", "Transactions", "{8F37CB0C-1BC5-462F-AA77-DF0065E6B31D}"
EndProject
Project("{FAE04EC0-301F-11D3-BF4B-00C04F79EFBC}") = "Transactions.Domain", "Transaction\Domain\Transactions.Domain.csproj", "{C19EE99B-FB47-4129-8B03-4917EA015F8A}"
EndProject
Project("{FAE04EC0-301F-11D3-BF4B-00C04F79EFBC}") = "Transactions.Application.Contract", "Transactions\Transactions.Application.Contract\Transactions.Application.Contract.csproj", "{D75EF1C2-B2F0-4599-AD81-565220E6D88C}"
EndProject
Project("{FAE04EC0-301F-11D3-BF4B-00C04F79EFBC}") = "Transactions.Application", "Transactions\Transactions.Application\Transactions.Application.csproj", "{C4262E7E-B07F-43E5-8B20-1FB96F850687}"
EndProject
Project("{FAE04EC0-301F-11D3-BF4B-00C04F79EFBC}") = "Transactions.infrastructure", "Transactions\Transactions.infrastructure\Transactions.infrastructure.csproj", "{7CC28818-478F-4632-99B4-FB7B0005FC1B}"
EndProject
Project("{FAE04EC0-301F-11D3-BF4B-00C04F79EFBC}") = "Transactions.Query", "Transactions\Transactions.Query\Transactions.Query.csproj", "{DBD4F544-2F3C-4CE3-9C2A-ED8DA36170AB}"
EndProject
Global
	GlobalSection(SolutionConfigurationPlatforms) = preSolution
		Debug|Any CPU = Debug|Any CPU
		Release|Any CPU = Release|Any CPU
	EndGlobalSection
	GlobalSection(ProjectConfigurationPlatforms) = postSolution
		{54D86603-9C90-4325-B399-A20B02278031}.Debug|Any CPU.ActiveCfg = Debug|Any CPU
		{54D86603-9C90-4325-B399-A20B02278031}.Debug|Any CPU.Build.0 = Debug|Any CPU
		{54D86603-9C90-4325-B399-A20B02278031}.Release|Any CPU.ActiveCfg = Release|Any CPU
		{54D86603-9C90-4325-B399-A20B02278031}.Release|Any CPU.Build.0 = Release|Any CPU
		{4F9B27BD-0597-47F5-A536-C612CF52FD9B}.Debug|Any CPU.ActiveCfg = Debug|Any CPU
		{4F9B27BD-0597-47F5-A536-C612CF52FD9B}.Debug|Any CPU.Build.0 = Debug|Any CPU
		{4F9B27BD-0597-47F5-A536-C612CF52FD9B}.Release|Any CPU.ActiveCfg = Release|Any CPU
		{4F9B27BD-0597-47F5-A536-C612CF52FD9B}.Release|Any CPU.Build.0 = Release|Any CPU
		{58E289FE-0A4F-4F0B-A86C-1BC3DF9E15AA}.Debug|Any CPU.ActiveCfg = Debug|Any CPU
		{58E289FE-0A4F-4F0B-A86C-1BC3DF9E15AA}.Debug|Any CPU.Build.0 = Debug|Any CPU
		{58E289FE-0A4F-4F0B-A86C-1BC3DF9E15AA}.Release|Any CPU.ActiveCfg = Release|Any CPU
		{58E289FE-0A4F-4F0B-A86C-1BC3DF9E15AA}.Release|Any CPU.Build.0 = Release|Any CPU
		{8DF9F2B4-F49F-45E8-997F-A5172FE2E4CB}.Debug|Any CPU.ActiveCfg = Debug|Any CPU
		{8DF9F2B4-F49F-45E8-997F-A5172FE2E4CB}.Debug|Any CPU.Build.0 = Debug|Any CPU
		{8DF9F2B4-F49F-45E8-997F-A5172FE2E4CB}.Release|Any CPU.ActiveCfg = Release|Any CPU
		{8DF9F2B4-F49F-45E8-997F-A5172FE2E4CB}.Release|Any CPU.Build.0 = Release|Any CPU
		{8E5D713F-FBC6-48C6-BCB8-E2BFE88BFF1D}.Debug|Any CPU.ActiveCfg = Debug|Any CPU
		{8E5D713F-FBC6-48C6-BCB8-E2BFE88BFF1D}.Debug|Any CPU.Build.0 = Debug|Any CPU
		{8E5D713F-FBC6-48C6-BCB8-E2BFE88BFF1D}.Release|Any CPU.ActiveCfg = Release|Any CPU
		{8E5D713F-FBC6-48C6-BCB8-E2BFE88BFF1D}.Release|Any CPU.Build.0 = Release|Any CPU
		{64910F8E-0D05-4477-9DC4-CA38B8B4EE32}.Debug|Any CPU.ActiveCfg = Debug|Any CPU
		{64910F8E-0D05-4477-9DC4-CA38B8B4EE32}.Debug|Any CPU.Build.0 = Debug|Any CPU
		{64910F8E-0D05-4477-9DC4-CA38B8B4EE32}.Release|Any CPU.ActiveCfg = Release|Any CPU
		{64910F8E-0D05-4477-9DC4-CA38B8B4EE32}.Release|Any CPU.Build.0 = Release|Any CPU
		{6B82F4F8-E827-4BA8-B60F-1D245C13886F}.Debug|Any CPU.ActiveCfg = Debug|Any CPU
		{6B82F4F8-E827-4BA8-B60F-1D245C13886F}.Debug|Any CPU.Build.0 = Debug|Any CPU
		{6B82F4F8-E827-4BA8-B60F-1D245C13886F}.Release|Any CPU.ActiveCfg = Release|Any CPU
		{6B82F4F8-E827-4BA8-B60F-1D245C13886F}.Release|Any CPU.Build.0 = Release|Any CPU
		{53309109-EF95-431A-A4F4-C1C91DF3F946}.Debug|Any CPU.ActiveCfg = Debug|Any CPU
		{53309109-EF95-431A-A4F4-C1C91DF3F946}.Debug|Any CPU.Build.0 = Debug|Any CPU
		{53309109-EF95-431A-A4F4-C1C91DF3F946}.Release|Any CPU.ActiveCfg = Release|Any CPU
		{53309109-EF95-431A-A4F4-C1C91DF3F946}.Release|Any CPU.Build.0 = Release|Any CPU
		{E7BACE11-1579-4074-839F-D8C2BCDA3A56}.Debug|Any CPU.ActiveCfg = Debug|Any CPU
		{E7BACE11-1579-4074-839F-D8C2BCDA3A56}.Debug|Any CPU.Build.0 = Debug|Any CPU
		{E7BACE11-1579-4074-839F-D8C2BCDA3A56}.Release|Any CPU.ActiveCfg = Release|Any CPU
		{E7BACE11-1579-4074-839F-D8C2BCDA3A56}.Release|Any CPU.Build.0 = Release|Any CPU
		{CE2D720F-F9C0-4362-AE08-288CFC36E845}.Debug|Any CPU.ActiveCfg = Debug|Any CPU
		{CE2D720F-F9C0-4362-AE08-288CFC36E845}.Debug|Any CPU.Build.0 = Debug|Any CPU
		{CE2D720F-F9C0-4362-AE08-288CFC36E845}.Release|Any CPU.ActiveCfg = Release|Any CPU
		{CE2D720F-F9C0-4362-AE08-288CFC36E845}.Release|Any CPU.Build.0 = Release|Any CPU
		{44DBFC68-D07E-49DB-A445-71F93073C967}.Debug|Any CPU.ActiveCfg = Debug|Any CPU
		{44DBFC68-D07E-49DB-A445-71F93073C967}.Debug|Any CPU.Build.0 = Debug|Any CPU
		{44DBFC68-D07E-49DB-A445-71F93073C967}.Release|Any CPU.ActiveCfg = Release|Any CPU
		{44DBFC68-D07E-49DB-A445-71F93073C967}.Release|Any CPU.Build.0 = Release|Any CPU
		{9CB05A87-5A2F-4284-AA52-EE5F334359B1}.Debug|Any CPU.ActiveCfg = Debug|Any CPU
		{9CB05A87-5A2F-4284-AA52-EE5F334359B1}.Debug|Any CPU.Build.0 = Debug|Any CPU
		{9CB05A87-5A2F-4284-AA52-EE5F334359B1}.Release|Any CPU.ActiveCfg = Release|Any CPU
		{9CB05A87-5A2F-4284-AA52-EE5F334359B1}.Release|Any CPU.Build.0 = Release|Any CPU
		{6B38B969-E23F-4BAF-B101-810B49E97F51}.Debug|Any CPU.ActiveCfg = Debug|Any CPU
		{6B38B969-E23F-4BAF-B101-810B49E97F51}.Debug|Any CPU.Build.0 = Debug|Any CPU
		{6B38B969-E23F-4BAF-B101-810B49E97F51}.Release|Any CPU.ActiveCfg = Release|Any CPU
		{6B38B969-E23F-4BAF-B101-810B49E97F51}.Release|Any CPU.Build.0 = Release|Any CPU
		{E097F08E-81A8-4489-8F4A-0D3FDEEEDCEF}.Debug|Any CPU.ActiveCfg = Debug|Any CPU
		{E097F08E-81A8-4489-8F4A-0D3FDEEEDCEF}.Debug|Any CPU.Build.0 = Debug|Any CPU
		{E097F08E-81A8-4489-8F4A-0D3FDEEEDCEF}.Release|Any CPU.ActiveCfg = Release|Any CPU
		{E097F08E-81A8-4489-8F4A-0D3FDEEEDCEF}.Release|Any CPU.Build.0 = Release|Any CPU
		{153A58A4-0E67-4A2A-A405-0689B4D1A788}.Debug|Any CPU.ActiveCfg = Debug|Any CPU
		{153A58A4-0E67-4A2A-A405-0689B4D1A788}.Debug|Any CPU.Build.0 = Debug|Any CPU
		{153A58A4-0E67-4A2A-A405-0689B4D1A788}.Release|Any CPU.ActiveCfg = Release|Any CPU
		{153A58A4-0E67-4A2A-A405-0689B4D1A788}.Release|Any CPU.Build.0 = Release|Any CPU
		{1A10E123-4A38-4838-82C5-533024446546}.Debug|Any CPU.ActiveCfg = Debug|Any CPU
		{1A10E123-4A38-4838-82C5-533024446546}.Debug|Any CPU.Build.0 = Debug|Any CPU
		{1A10E123-4A38-4838-82C5-533024446546}.Release|Any CPU.ActiveCfg = Release|Any CPU
		{1A10E123-4A38-4838-82C5-533024446546}.Release|Any CPU.Build.0 = Release|Any CPU
		{97DD6A52-1860-4213-8518-62B6D03A80B5}.Debug|Any CPU.ActiveCfg = Debug|Any CPU
		{97DD6A52-1860-4213-8518-62B6D03A80B5}.Debug|Any CPU.Build.0 = Debug|Any CPU
		{97DD6A52-1860-4213-8518-62B6D03A80B5}.Release|Any CPU.ActiveCfg = Release|Any CPU
		{97DD6A52-1860-4213-8518-62B6D03A80B5}.Release|Any CPU.Build.0 = Release|Any CPU
		{0DD0F5BB-396C-464D-8517-40B63D293AA9}.Debug|Any CPU.ActiveCfg = Debug|Any CPU
		{0DD0F5BB-396C-464D-8517-40B63D293AA9}.Debug|Any CPU.Build.0 = Debug|Any CPU
		{0DD0F5BB-396C-464D-8517-40B63D293AA9}.Release|Any CPU.ActiveCfg = Release|Any CPU
		{0DD0F5BB-396C-464D-8517-40B63D293AA9}.Release|Any CPU.Build.0 = Release|Any CPU
		{CDFCAE50-52D0-440E-B852-DF0F50B1CD8C}.Debug|Any CPU.ActiveCfg = Debug|Any CPU
		{CDFCAE50-52D0-440E-B852-DF0F50B1CD8C}.Debug|Any CPU.Build.0 = Debug|Any CPU
		{CDFCAE50-52D0-440E-B852-DF0F50B1CD8C}.Release|Any CPU.ActiveCfg = Release|Any CPU
		{CDFCAE50-52D0-440E-B852-DF0F50B1CD8C}.Release|Any CPU.Build.0 = Release|Any CPU
		{9F1D1E8F-CBF5-45F0-BBEA-A4DC4EA01C37}.Debug|Any CPU.ActiveCfg = Debug|Any CPU
		{9F1D1E8F-CBF5-45F0-BBEA-A4DC4EA01C37}.Debug|Any CPU.Build.0 = Debug|Any CPU
		{9F1D1E8F-CBF5-45F0-BBEA-A4DC4EA01C37}.Release|Any CPU.ActiveCfg = Release|Any CPU
		{9F1D1E8F-CBF5-45F0-BBEA-A4DC4EA01C37}.Release|Any CPU.Build.0 = Release|Any CPU
		{FE3ADC52-8A35-4CCB-AB22-04A1B6357878}.Debug|Any CPU.ActiveCfg = Debug|Any CPU
		{FE3ADC52-8A35-4CCB-AB22-04A1B6357878}.Debug|Any CPU.Build.0 = Debug|Any CPU
		{FE3ADC52-8A35-4CCB-AB22-04A1B6357878}.Release|Any CPU.ActiveCfg = Release|Any CPU
		{FE3ADC52-8A35-4CCB-AB22-04A1B6357878}.Release|Any CPU.Build.0 = Release|Any CPU
		{C1B17756-1F55-46AE-866F-EF6F7E41BA9B}.Debug|Any CPU.ActiveCfg = Debug|Any CPU
		{C1B17756-1F55-46AE-866F-EF6F7E41BA9B}.Debug|Any CPU.Build.0 = Debug|Any CPU
		{C1B17756-1F55-46AE-866F-EF6F7E41BA9B}.Release|Any CPU.ActiveCfg = Release|Any CPU
		{C1B17756-1F55-46AE-866F-EF6F7E41BA9B}.Release|Any CPU.Build.0 = Release|Any CPU
		{010EB222-4882-4840-9E35-EF78FBD77D57}.Debug|Any CPU.ActiveCfg = Debug|Any CPU
		{010EB222-4882-4840-9E35-EF78FBD77D57}.Debug|Any CPU.Build.0 = Debug|Any CPU
		{010EB222-4882-4840-9E35-EF78FBD77D57}.Release|Any CPU.ActiveCfg = Release|Any CPU
		{010EB222-4882-4840-9E35-EF78FBD77D57}.Release|Any CPU.Build.0 = Release|Any CPU
		{2AEA73D6-ADFE-455B-93E0-A26F4D1AE8C7}.Debug|Any CPU.ActiveCfg = Debug|Any CPU
		{2AEA73D6-ADFE-455B-93E0-A26F4D1AE8C7}.Debug|Any CPU.Build.0 = Debug|Any CPU
		{2AEA73D6-ADFE-455B-93E0-A26F4D1AE8C7}.Release|Any CPU.ActiveCfg = Release|Any CPU
		{2AEA73D6-ADFE-455B-93E0-A26F4D1AE8C7}.Release|Any CPU.Build.0 = Release|Any CPU
		{38900A60-EB68-4EF0-AD01-8B8DF6055901}.Debug|Any CPU.ActiveCfg = Debug|Any CPU
		{38900A60-EB68-4EF0-AD01-8B8DF6055901}.Debug|Any CPU.Build.0 = Debug|Any CPU
		{38900A60-EB68-4EF0-AD01-8B8DF6055901}.Release|Any CPU.ActiveCfg = Release|Any CPU
		{38900A60-EB68-4EF0-AD01-8B8DF6055901}.Release|Any CPU.Build.0 = Release|Any CPU
		{88EDF4F8-1FFB-40E7-9A8B-961377CF999D}.Debug|Any CPU.ActiveCfg = Debug|Any CPU
		{88EDF4F8-1FFB-40E7-9A8B-961377CF999D}.Debug|Any CPU.Build.0 = Debug|Any CPU
		{88EDF4F8-1FFB-40E7-9A8B-961377CF999D}.Release|Any CPU.ActiveCfg = Release|Any CPU
		{88EDF4F8-1FFB-40E7-9A8B-961377CF999D}.Release|Any CPU.Build.0 = Release|Any CPU
		{11303247-3ACE-440A-8061-4A59A6DEE5BC}.Debug|Any CPU.ActiveCfg = Debug|Any CPU
		{11303247-3ACE-440A-8061-4A59A6DEE5BC}.Debug|Any CPU.Build.0 = Debug|Any CPU
		{11303247-3ACE-440A-8061-4A59A6DEE5BC}.Release|Any CPU.ActiveCfg = Release|Any CPU
		{11303247-3ACE-440A-8061-4A59A6DEE5BC}.Release|Any CPU.Build.0 = Release|Any CPU
		{A711910F-CDB6-D4E5-3533-F690A502E0DF}.Debug|Any CPU.ActiveCfg = Debug|Any CPU
		{A711910F-CDB6-D4E5-3533-F690A502E0DF}.Debug|Any CPU.Build.0 = Debug|Any CPU
		{A711910F-CDB6-D4E5-3533-F690A502E0DF}.Release|Any CPU.ActiveCfg = Release|Any CPU
		{A711910F-CDB6-D4E5-3533-F690A502E0DF}.Release|Any CPU.Build.0 = Release|Any CPU
		{580CBA5E-D1F4-CCE4-46B6-7F546F11AEC6}.Debug|Any CPU.ActiveCfg = Debug|Any CPU
		{580CBA5E-D1F4-CCE4-46B6-7F546F11AEC6}.Debug|Any CPU.Build.0 = Debug|Any CPU
		{580CBA5E-D1F4-CCE4-46B6-7F546F11AEC6}.Release|Any CPU.ActiveCfg = Release|Any CPU
		{580CBA5E-D1F4-CCE4-46B6-7F546F11AEC6}.Release|Any CPU.Build.0 = Release|Any CPU
		{E548BA97-A52C-3196-A66C-5CB45A8C200D}.Debug|Any CPU.ActiveCfg = Debug|Any CPU
		{E548BA97-A52C-3196-A66C-5CB45A8C200D}.Debug|Any CPU.Build.0 = Debug|Any CPU
		{E548BA97-A52C-3196-A66C-5CB45A8C200D}.Release|Any CPU.ActiveCfg = Release|Any CPU
		{E548BA97-A52C-3196-A66C-5CB45A8C200D}.Release|Any CPU.Build.0 = Release|Any CPU
		{94C0A58A-DE0A-7849-0B1A-4C2E2A0F04C2}.Debug|Any CPU.ActiveCfg = Debug|Any CPU
		{94C0A58A-DE0A-7849-0B1A-4C2E2A0F04C2}.Debug|Any CPU.Build.0 = Debug|Any CPU
		{94C0A58A-DE0A-7849-0B1A-4C2E2A0F04C2}.Release|Any CPU.ActiveCfg = Release|Any CPU
		{94C0A58A-DE0A-7849-0B1A-4C2E2A0F04C2}.Release|Any CPU.Build.0 = Release|Any CPU
		{DB0DD0CD-68EE-D170-18C9-6400AD0C31E8}.Debug|Any CPU.ActiveCfg = Debug|Any CPU
		{DB0DD0CD-68EE-D170-18C9-6400AD0C31E8}.Debug|Any CPU.Build.0 = Debug|Any CPU
		{DB0DD0CD-68EE-D170-18C9-6400AD0C31E8}.Release|Any CPU.ActiveCfg = Release|Any CPU
		{DB0DD0CD-68EE-D170-18C9-6400AD0C31E8}.Release|Any CPU.Build.0 = Release|Any CPU
		{7ADD89C6-FDC5-4743-B849-2B421E41B736}.Debug|Any CPU.ActiveCfg = Debug|Any CPU
		{7ADD89C6-FDC5-4743-B849-2B421E41B736}.Debug|Any CPU.Build.0 = Debug|Any CPU
		{7ADD89C6-FDC5-4743-B849-2B421E41B736}.Release|Any CPU.ActiveCfg = Release|Any CPU
		{7ADD89C6-FDC5-4743-B849-2B421E41B736}.Release|Any CPU.Build.0 = Release|Any CPU
		{CEC8110F-7945-45F9-A89C-83C2DFCD5F63}.Debug|Any CPU.ActiveCfg = Debug|Any CPU
		{CEC8110F-7945-45F9-A89C-83C2DFCD5F63}.Debug|Any CPU.Build.0 = Debug|Any CPU
		{CEC8110F-7945-45F9-A89C-83C2DFCD5F63}.Release|Any CPU.ActiveCfg = Release|Any CPU
		{CEC8110F-7945-45F9-A89C-83C2DFCD5F63}.Release|Any CPU.Build.0 = Release|Any CPU
		{42CF058A-5DD4-6458-CFF9-6D80292F8322}.Debug|Any CPU.ActiveCfg = Debug|Any CPU
		{42CF058A-5DD4-6458-CFF9-6D80292F8322}.Debug|Any CPU.Build.0 = Debug|Any CPU
		{42CF058A-5DD4-6458-CFF9-6D80292F8322}.Release|Any CPU.ActiveCfg = Release|Any CPU
		{42CF058A-5DD4-6458-CFF9-6D80292F8322}.Release|Any CPU.Build.0 = Release|Any CPU
		{BD0637AC-1BE0-42C4-D612-3822D47F3D64}.Debug|Any CPU.ActiveCfg = Debug|Any CPU
		{BD0637AC-1BE0-42C4-D612-3822D47F3D64}.Debug|Any CPU.Build.0 = Debug|Any CPU
		{BD0637AC-1BE0-42C4-D612-3822D47F3D64}.Release|Any CPU.ActiveCfg = Release|Any CPU
		{BD0637AC-1BE0-42C4-D612-3822D47F3D64}.Release|Any CPU.Build.0 = Release|Any CPU
		{B5A3066C-B15E-961A-6A3E-324FB0A34673}.Debug|Any CPU.ActiveCfg = Debug|Any CPU
		{B5A3066C-B15E-961A-6A3E-324FB0A34673}.Debug|Any CPU.Build.0 = Debug|Any CPU
		{B5A3066C-B15E-961A-6A3E-324FB0A34673}.Release|Any CPU.ActiveCfg = Release|Any CPU
		{B5A3066C-B15E-961A-6A3E-324FB0A34673}.Release|Any CPU.Build.0 = Release|Any CPU
		{65C9F0E4-9A52-FB9D-4C00-85ABD0ACD406}.Debug|Any CPU.ActiveCfg = Debug|Any CPU
		{65C9F0E4-9A52-FB9D-4C00-85ABD0ACD406}.Debug|Any CPU.Build.0 = Debug|Any CPU
		{65C9F0E4-9A52-FB9D-4C00-85ABD0ACD406}.Release|Any CPU.ActiveCfg = Release|Any CPU
		{65C9F0E4-9A52-FB9D-4C00-85ABD0ACD406}.Release|Any CPU.Build.0 = Release|Any CPU
		{8FE5366C-E9C2-CC41-0143-95E99ADFB9D8}.Debug|Any CPU.ActiveCfg = Debug|Any CPU
		{8FE5366C-E9C2-CC41-0143-95E99ADFB9D8}.Debug|Any CPU.Build.0 = Debug|Any CPU
		{8FE5366C-E9C2-CC41-0143-95E99ADFB9D8}.Release|Any CPU.ActiveCfg = Release|Any CPU
		{8FE5366C-E9C2-CC41-0143-95E99ADFB9D8}.Release|Any CPU.Build.0 = Release|Any CPU
		{B617BB6B-1DB4-439D-BB08-75F9AF372142}.Debug|Any CPU.ActiveCfg = Debug|Any CPU
		{B617BB6B-1DB4-439D-BB08-75F9AF372142}.Debug|Any CPU.Build.0 = Debug|Any CPU
		{B617BB6B-1DB4-439D-BB08-75F9AF372142}.Release|Any CPU.ActiveCfg = Release|Any CPU
		{B617BB6B-1DB4-439D-BB08-75F9AF372142}.Release|Any CPU.Build.0 = Release|Any CPU
		{C19EE99B-FB47-4129-8B03-4917EA015F8A}.Debug|Any CPU.ActiveCfg = Debug|Any CPU
		{C19EE99B-FB47-4129-8B03-4917EA015F8A}.Debug|Any CPU.Build.0 = Debug|Any CPU
		{C19EE99B-FB47-4129-8B03-4917EA015F8A}.Release|Any CPU.ActiveCfg = Release|Any CPU
		{C19EE99B-FB47-4129-8B03-4917EA015F8A}.Release|Any CPU.Build.0 = Release|Any CPU
		{D75EF1C2-B2F0-4599-AD81-565220E6D88C}.Debug|Any CPU.ActiveCfg = Debug|Any CPU
		{D75EF1C2-B2F0-4599-AD81-565220E6D88C}.Debug|Any CPU.Build.0 = Debug|Any CPU
		{D75EF1C2-B2F0-4599-AD81-565220E6D88C}.Release|Any CPU.ActiveCfg = Release|Any CPU
		{D75EF1C2-B2F0-4599-AD81-565220E6D88C}.Release|Any CPU.Build.0 = Release|Any CPU
		{C4262E7E-B07F-43E5-8B20-1FB96F850687}.Debug|Any CPU.ActiveCfg = Debug|Any CPU
		{C4262E7E-B07F-43E5-8B20-1FB96F850687}.Debug|Any CPU.Build.0 = Debug|Any CPU
		{C4262E7E-B07F-43E5-8B20-1FB96F850687}.Release|Any CPU.ActiveCfg = Release|Any CPU
		{C4262E7E-B07F-43E5-8B20-1FB96F850687}.Release|Any CPU.Build.0 = Release|Any CPU
		{7CC28818-478F-4632-99B4-FB7B0005FC1B}.Debug|Any CPU.ActiveCfg = Debug|Any CPU
		{7CC28818-478F-4632-99B4-FB7B0005FC1B}.Debug|Any CPU.Build.0 = Debug|Any CPU
		{7CC28818-478F-4632-99B4-FB7B0005FC1B}.Release|Any CPU.ActiveCfg = Release|Any CPU
		{7CC28818-478F-4632-99B4-FB7B0005FC1B}.Release|Any CPU.Build.0 = Release|Any CPU
		{DBD4F544-2F3C-4CE3-9C2A-ED8DA36170AB}.Debug|Any CPU.ActiveCfg = Debug|Any CPU
		{DBD4F544-2F3C-4CE3-9C2A-ED8DA36170AB}.Debug|Any CPU.Build.0 = Debug|Any CPU
		{DBD4F544-2F3C-4CE3-9C2A-ED8DA36170AB}.Release|Any CPU.ActiveCfg = Release|Any CPU
		{DBD4F544-2F3C-4CE3-9C2A-ED8DA36170AB}.Release|Any CPU.Build.0 = Release|Any CPU
	EndGlobalSection
	GlobalSection(SolutionProperties) = preSolution
		HideSolutionNode = FALSE
	EndGlobalSection
	GlobalSection(NestedProjects) = preSolution
		{54D86603-9C90-4325-B399-A20B02278031} = {906073DD-67AC-4C20-9CD7-EB163E6D238F}
		{4F9B27BD-0597-47F5-A536-C612CF52FD9B} = {02EA681E-C7D8-13C7-8484-4AC65E1B71E8}
		{58E289FE-0A4F-4F0B-A86C-1BC3DF9E15AA} = {02EA681E-C7D8-13C7-8484-4AC65E1B71E8}
		{8DF9F2B4-F49F-45E8-997F-A5172FE2E4CB} = {02EA681E-C7D8-13C7-8484-4AC65E1B71E8}
		{8E5D713F-FBC6-48C6-BCB8-E2BFE88BFF1D} = {02EA681E-C7D8-13C7-8484-4AC65E1B71E8}
		{64910F8E-0D05-4477-9DC4-CA38B8B4EE32} = {02EA681E-C7D8-13C7-8484-4AC65E1B71E8}
		{53309109-EF95-431A-A4F4-C1C91DF3F946} = {BD14F26A-60DD-4D77-B6FC-A38E6E194765}
		{E7BACE11-1579-4074-839F-D8C2BCDA3A56} = {BD14F26A-60DD-4D77-B6FC-A38E6E194765}
		{CE2D720F-F9C0-4362-AE08-288CFC36E845} = {BD14F26A-60DD-4D77-B6FC-A38E6E194765}
		{44DBFC68-D07E-49DB-A445-71F93073C967} = {BD14F26A-60DD-4D77-B6FC-A38E6E194765}
		{9CB05A87-5A2F-4284-AA52-EE5F334359B1} = {BD14F26A-60DD-4D77-B6FC-A38E6E194765}
		{6B38B969-E23F-4BAF-B101-810B49E97F51} = {F6F15B78-B5F8-4C4B-BBCF-D38861E11314}
		{E097F08E-81A8-4489-8F4A-0D3FDEEEDCEF} = {F6F15B78-B5F8-4C4B-BBCF-D38861E11314}
		{153A58A4-0E67-4A2A-A405-0689B4D1A788} = {F6F15B78-B5F8-4C4B-BBCF-D38861E11314}
		{1A10E123-4A38-4838-82C5-533024446546} = {F6F15B78-B5F8-4C4B-BBCF-D38861E11314}
		{97DD6A52-1860-4213-8518-62B6D03A80B5} = {F6F15B78-B5F8-4C4B-BBCF-D38861E11314}
		{0DD0F5BB-396C-464D-8517-40B63D293AA9} = {7B885D52-87FD-4C64-8CE6-EEBB0EED4029}
		{CDFCAE50-52D0-440E-B852-DF0F50B1CD8C} = {7B885D52-87FD-4C64-8CE6-EEBB0EED4029}
		{9F1D1E8F-CBF5-45F0-BBEA-A4DC4EA01C37} = {7B885D52-87FD-4C64-8CE6-EEBB0EED4029}
		{FE3ADC52-8A35-4CCB-AB22-04A1B6357878} = {7B885D52-87FD-4C64-8CE6-EEBB0EED4029}
		{C1B17756-1F55-46AE-866F-EF6F7E41BA9B} = {7B885D52-87FD-4C64-8CE6-EEBB0EED4029}
		{010EB222-4882-4840-9E35-EF78FBD77D57} = {8A252E92-2C6C-4547-95FD-3748CB9E4C7F}
		{2AEA73D6-ADFE-455B-93E0-A26F4D1AE8C7} = {8A252E92-2C6C-4547-95FD-3748CB9E4C7F}
		{38900A60-EB68-4EF0-AD01-8B8DF6055901} = {8A252E92-2C6C-4547-95FD-3748CB9E4C7F}
		{88EDF4F8-1FFB-40E7-9A8B-961377CF999D} = {8A252E92-2C6C-4547-95FD-3748CB9E4C7F}
		{11303247-3ACE-440A-8061-4A59A6DEE5BC} = {8A252E92-2C6C-4547-95FD-3748CB9E4C7F}
		{A711910F-CDB6-D4E5-3533-F690A502E0DF} = {ACDA9536-B1FC-4CD0-B347-B5D78C5F8219}
		{580CBA5E-D1F4-CCE4-46B6-7F546F11AEC6} = {ACDA9536-B1FC-4CD0-B347-B5D78C5F8219}
		{E548BA97-A52C-3196-A66C-5CB45A8C200D} = {ACDA9536-B1FC-4CD0-B347-B5D78C5F8219}
		{94C0A58A-DE0A-7849-0B1A-4C2E2A0F04C2} = {ACDA9536-B1FC-4CD0-B347-B5D78C5F8219}
		{DB0DD0CD-68EE-D170-18C9-6400AD0C31E8} = {ACDA9536-B1FC-4CD0-B347-B5D78C5F8219}
		{7ADD89C6-FDC5-4743-B849-2B421E41B736} = {CB49F818-BD3A-45E8-96AB-1136541B0BEB}
		{CEC8110F-7945-45F9-A89C-83C2DFCD5F63} = {CB49F818-BD3A-45E8-96AB-1136541B0BEB}
		{42CF058A-5DD4-6458-CFF9-6D80292F8322} = {84A7585D-826C-4C76-9691-DBC934211DEC}
		{BD0637AC-1BE0-42C4-D612-3822D47F3D64} = {84A7585D-826C-4C76-9691-DBC934211DEC}
		{B5A3066C-B15E-961A-6A3E-324FB0A34673} = {84A7585D-826C-4C76-9691-DBC934211DEC}
		{65C9F0E4-9A52-FB9D-4C00-85ABD0ACD406} = {84A7585D-826C-4C76-9691-DBC934211DEC}
		{8FE5366C-E9C2-CC41-0143-95E99ADFB9D8} = {84A7585D-826C-4C76-9691-DBC934211DEC}
		{C19EE99B-FB47-4129-8B03-4917EA015F8A} = {8F37CB0C-1BC5-462F-AA77-DF0065E6B31D}
		{D75EF1C2-B2F0-4599-AD81-565220E6D88C} = {8F37CB0C-1BC5-462F-AA77-DF0065E6B31D}
		{C4262E7E-B07F-43E5-8B20-1FB96F850687} = {8F37CB0C-1BC5-462F-AA77-DF0065E6B31D}
		{7CC28818-478F-4632-99B4-FB7B0005FC1B} = {8F37CB0C-1BC5-462F-AA77-DF0065E6B31D}
		{DBD4F544-2F3C-4CE3-9C2A-ED8DA36170AB} = {8F37CB0C-1BC5-462F-AA77-DF0065E6B31D}
	EndGlobalSection
	GlobalSection(ExtensibilityGlobals) = postSolution
		SolutionGuid = {ED9DC2A5-5BCD-4CFE-A213-5D256F1267DB}
	EndGlobalSection
EndGlobal
